// !$*UTF8*$!
{
	archiveVersion = 1;
	classes = {
	};
	objectVersion = 55;
	objects = {

/* Begin PBXBuildFile section */
		641774A9284A4BEE00495FC9 /* AppDelegate.swift in Sources */ = {isa = PBXBuildFile; fileRef = 641774A8284A4BEE00495FC9 /* AppDelegate.swift */; };
		641774AB284A4BEE00495FC9 /* SceneDelegate.swift in Sources */ = {isa = PBXBuildFile; fileRef = 641774AA284A4BEE00495FC9 /* SceneDelegate.swift */; };
		641774AD284A4BEE00495FC9 /* ViewController.swift in Sources */ = {isa = PBXBuildFile; fileRef = 641774AC284A4BEE00495FC9 /* ViewController.swift */; };
		641774B0284A4BEE00495FC9 /* Main.storyboard in Resources */ = {isa = PBXBuildFile; fileRef = 641774AE284A4BEE00495FC9 /* Main.storyboard */; };
		641774B2284A4BEF00495FC9 /* Assets.xcassets in Resources */ = {isa = PBXBuildFile; fileRef = 641774B1284A4BEF00495FC9 /* Assets.xcassets */; };
		641774B5284A4BEF00495FC9 /* LaunchScreen.storyboard in Resources */ = {isa = PBXBuildFile; fileRef = 641774B3284A4BEF00495FC9 /* LaunchScreen.storyboard */; };
		C48BB53CA3E3A40168ACE7D1 /* Pods_Wallapop_Marvel_App.framework in Frameworks */ = {isa = PBXBuildFile; fileRef = 920626DED91F9C3FEE23426A /* Pods_Wallapop_Marvel_App.framework */; };
/* End PBXBuildFile section */

/* Begin PBXFileReference section */
		641774A5284A4BEE00495FC9 /* Wallapop Marvel App.app */ = {isa = PBXFileReference; explicitFileType = wrapper.application; includeInIndex = 0; path = "Wallapop Marvel App.app"; sourceTree = BUILT_PRODUCTS_DIR; };
		641774A8284A4BEE00495FC9 /* AppDelegate.swift */ = {isa = PBXFileReference; lastKnownFileType = sourcecode.swift; path = AppDelegate.swift; sourceTree = "<group>"; };
		641774AA284A4BEE00495FC9 /* SceneDelegate.swift */ = {isa = PBXFileReference; lastKnownFileType = sourcecode.swift; path = SceneDelegate.swift; sourceTree = "<group>"; };
		641774AC284A4BEE00495FC9 /* ViewController.swift */ = {isa = PBXFileReference; lastKnownFileType = sourcecode.swift; path = ViewController.swift; sourceTree = "<group>"; };
		641774AF284A4BEE00495FC9 /* Base */ = {isa = PBXFileReference; lastKnownFileType = file.storyboard; name = Base; path = Base.lproj/Main.storyboard; sourceTree = "<group>"; };
		641774B1284A4BEF00495FC9 /* Assets.xcassets */ = {isa = PBXFileReference; lastKnownFileType = folder.assetcatalog; path = Assets.xcassets; sourceTree = "<group>"; };
		641774B4284A4BEF00495FC9 /* Base */ = {isa = PBXFileReference; lastKnownFileType = file.storyboard; name = Base; path = Base.lproj/LaunchScreen.storyboard; sourceTree = "<group>"; };
		641774B6284A4BEF00495FC9 /* Info.plist */ = {isa = PBXFileReference; lastKnownFileType = text.plist.xml; path = Info.plist; sourceTree = "<group>"; };
		773C39D8A633EA8B18FD5992 /* Pods-Wallapop Marvel App.debug.xcconfig */ = {isa = PBXFileReference; includeInIndex = 1; lastKnownFileType = text.xcconfig; name = "Pods-Wallapop Marvel App.debug.xcconfig"; path = "Target Support Files/Pods-Wallapop Marvel App/Pods-Wallapop Marvel App.debug.xcconfig"; sourceTree = "<group>"; };
		920626DED91F9C3FEE23426A /* Pods_Wallapop_Marvel_App.framework */ = {isa = PBXFileReference; explicitFileType = wrapper.framework; includeInIndex = 0; path = Pods_Wallapop_Marvel_App.framework; sourceTree = BUILT_PRODUCTS_DIR; };
		F33963F7829562CC90060376 /* Pods-Wallapop Marvel App.release.xcconfig */ = {isa = PBXFileReference; includeInIndex = 1; lastKnownFileType = text.xcconfig; name = "Pods-Wallapop Marvel App.release.xcconfig"; path = "Target Support Files/Pods-Wallapop Marvel App/Pods-Wallapop Marvel App.release.xcconfig"; sourceTree = "<group>"; };
/* End PBXFileReference section */

/* Begin PBXFrameworksBuildPhase section */
		641774A2284A4BEE00495FC9 /* Frameworks */ = {
			isa = PBXFrameworksBuildPhase;
			buildActionMask = 2147483647;
			files = (
				C48BB53CA3E3A40168ACE7D1 /* Pods_Wallapop_Marvel_App.framework in Frameworks */,
			);
			runOnlyForDeploymentPostprocessing = 0;
		};
/* End PBXFrameworksBuildPhase section */

/* Begin PBXGroup section */
		6417749C284A4BEE00495FC9 = {
			isa = PBXGroup;
			children = (
				641774A7284A4BEE00495FC9 /* Wallapop Marvel App */,
				641774A6284A4BEE00495FC9 /* Products */,
				C6C0C05D4859C06099FA73F2 /* Pods */,
				8AC162E4F234818D8C91CFA0 /* Frameworks */,
			);
			sourceTree = "<group>";
		};
		641774A6284A4BEE00495FC9 /* Products */ = {
			isa = PBXGroup;
			children = (
				641774A5284A4BEE00495FC9 /* Wallapop Marvel App.app */,
			);
			name = Products;
			sourceTree = "<group>";
		};
		641774A7284A4BEE00495FC9 /* Wallapop Marvel App */ = {
			isa = PBXGroup;
			children = (
				641774A8284A4BEE00495FC9 /* AppDelegate.swift */,
				641774AA284A4BEE00495FC9 /* SceneDelegate.swift */,
				641774AC284A4BEE00495FC9 /* ViewController.swift */,
				641774AE284A4BEE00495FC9 /* Main.storyboard */,
				641774B1284A4BEF00495FC9 /* Assets.xcassets */,
				641774B3284A4BEF00495FC9 /* LaunchScreen.storyboard */,
				641774B6284A4BEF00495FC9 /* Info.plist */,
			);
			path = "Wallapop Marvel App";
			sourceTree = "<group>";
		};
		8AC162E4F234818D8C91CFA0 /* Frameworks */ = {
			isa = PBXGroup;
			children = (
				920626DED91F9C3FEE23426A /* Pods_Wallapop_Marvel_App.framework */,
			);
			name = Frameworks;
			sourceTree = "<group>";
		};
		C6C0C05D4859C06099FA73F2 /* Pods */ = {
			isa = PBXGroup;
			children = (
				773C39D8A633EA8B18FD5992 /* Pods-Wallapop Marvel App.debug.xcconfig */,
				F33963F7829562CC90060376 /* Pods-Wallapop Marvel App.release.xcconfig */,
			);
			name = Pods;
			path = Pods;
			sourceTree = "<group>";
		};
/* End PBXGroup section */

/* Begin PBXNativeTarget section */
		641774A4284A4BEE00495FC9 /* Wallapop Marvel App */ = {
			isa = PBXNativeTarget;
			buildConfigurationList = 641774B9284A4BEF00495FC9 /* Build configuration list for PBXNativeTarget "Wallapop Marvel App" */;
			buildPhases = (
				A38638719AA86C6354268FDB /* [CP] Check Pods Manifest.lock */,
				641774A1284A4BEE00495FC9 /* Sources */,
				641774A2284A4BEE00495FC9 /* Frameworks */,
				641774A3284A4BEE00495FC9 /* Resources */,
				3E245D4EB85FEC7D0898352D /* [CP] Embed Pods Frameworks */,
			);
			buildRules = (
			);
			dependencies = (
			);
			name = "Wallapop Marvel App";
			productName = "Wallapop Marvel App";
			productReference = 641774A5284A4BEE00495FC9 /* Wallapop Marvel App.app */;
			productType = "com.apple.product-type.application";
		};
/* End PBXNativeTarget section */

/* Begin PBXProject section */
		6417749D284A4BEE00495FC9 /* Project object */ = {
			isa = PBXProject;
			attributes = {
				BuildIndependentTargetsInParallel = 1;
				LastSwiftUpdateCheck = 1330;
				LastUpgradeCheck = 1330;
				TargetAttributes = {
					641774A4284A4BEE00495FC9 = {
						CreatedOnToolsVersion = 13.3.1;
					};
				};
			};
			buildConfigurationList = 641774A0284A4BEE00495FC9 /* Build configuration list for PBXProject "Wallapop Marvel App" */;
			compatibilityVersion = "Xcode 13.0";
			developmentRegion = en;
			hasScannedForEncodings = 0;
			knownRegions = (
				en,
				Base,
			);
			mainGroup = 6417749C284A4BEE00495FC9;
			productRefGroup = 641774A6284A4BEE00495FC9 /* Products */;
			projectDirPath = "";
			projectRoot = "";
			targets = (
				641774A4284A4BEE00495FC9 /* Wallapop Marvel App */,
			);
		};
/* End PBXProject section */

/* Begin PBXResourcesBuildPhase section */
		641774A3284A4BEE00495FC9 /* Resources */ = {
			isa = PBXResourcesBuildPhase;
			buildActionMask = 2147483647;
			files = (
				641774B5284A4BEF00495FC9 /* LaunchScreen.storyboard in Resources */,
				641774B2284A4BEF00495FC9 /* Assets.xcassets in Resources */,
				641774B0284A4BEE00495FC9 /* Main.storyboard in Resources */,
			);
			runOnlyForDeploymentPostprocessing = 0;
		};
/* End PBXResourcesBuildPhase section */

/* Begin PBXShellScriptBuildPhase section */
		3E245D4EB85FEC7D0898352D /* [CP] Embed Pods Frameworks */ = {
			isa = PBXShellScriptBuildPhase;
			buildActionMask = 2147483647;
			files = (
			);
			inputFileListPaths = (
				"${PODS_ROOT}/Target Support Files/Pods-Wallapop Marvel App/Pods-Wallapop Marvel App-frameworks-${CONFIGURATION}-input-files.xcfilelist",
			);
			name = "[CP] Embed Pods Frameworks";
			outputFileListPaths = (
				"${PODS_ROOT}/Target Support Files/Pods-Wallapop Marvel App/Pods-Wallapop Marvel App-frameworks-${CONFIGURATION}-output-files.xcfilelist",
			);
			runOnlyForDeploymentPostprocessing = 0;
			shellPath = /bin/sh;
			shellScript = "\"${PODS_ROOT}/Target Support Files/Pods-Wallapop Marvel App/Pods-Wallapop Marvel App-frameworks.sh\"\n";
			showEnvVarsInLog = 0;
		};
		A38638719AA86C6354268FDB /* [CP] Check Pods Manifest.lock */ = {
			isa = PBXShellScriptBuildPhase;
			buildActionMask = 2147483647;
			files = (
			);
			inputFileListPaths = (
			);
			inputPaths = (
				"${PODS_PODFILE_DIR_PATH}/Podfile.lock",
				"${PODS_ROOT}/Manifest.lock",
			);
			name = "[CP] Check Pods Manifest.lock";
			outputFileListPaths = (
			);
			outputPaths = (
				"$(DERIVED_FILE_DIR)/Pods-Wallapop Marvel App-checkManifestLockResult.txt",
			);
			runOnlyForDeploymentPostprocessing = 0;
			shellPath = /bin/sh;
			shellScript = "diff \"${PODS_PODFILE_DIR_PATH}/Podfile.lock\" \"${PODS_ROOT}/Manifest.lock\" > /dev/null\nif [ $? != 0 ] ; then\n    # print error to STDERR\n    echo \"error: The sandbox is not in sync with the Podfile.lock. Run 'pod install' or update your CocoaPods installation.\" >&2\n    exit 1\nfi\n# This output is used by Xcode 'outputs' to avoid re-running this script phase.\necho \"SUCCESS\" > \"${SCRIPT_OUTPUT_FILE_0}\"\n";
			showEnvVarsInLog = 0;
		};
/* End PBXShellScriptBuildPhase section */

/* Begin PBXSourcesBuildPhase section */
		641774A1284A4BEE00495FC9 /* Sources */ = {
			isa = PBXSourcesBuildPhase;
			buildActionMask = 2147483647;
			files = (
				641774AD284A4BEE00495FC9 /* ViewController.swift in Sources */,
				641774A9284A4BEE00495FC9 /* AppDelegate.swift in Sources */,
				641774AB284A4BEE00495FC9 /* SceneDelegate.swift in Sources */,
			);
			runOnlyForDeploymentPostprocessing = 0;
		};
/* End PBXSourcesBuildPhase section */

/* Begin PBXVariantGroup section */
		641774AE284A4BEE00495FC9 /* Main.storyboard */ = {
			isa = PBXVariantGroup;
			children = (
				641774AF284A4BEE00495FC9 /* Base */,
			);
			name = Main.storyboard;
			sourceTree = "<group>";
		};
		641774B3284A4BEF00495FC9 /* LaunchScreen.storyboard */ = {
			isa = PBXVariantGroup;
			children = (
				641774B4284A4BEF00495FC9 /* Base */,
			);
			name = LaunchScreen.storyboard;
			sourceTree = "<group>";
		};
/* End PBXVariantGroup section */

/* Begin XCBuildConfiguration section */
		641774B7284A4BEF00495FC9 /* Debug */ = {
			isa = XCBuildConfiguration;
			buildSettings = {
				ALWAYS_SEARCH_USER_PATHS = NO;
				CLANG_ANALYZER_NONNULL = YES;
				CLANG_ANALYZER_NUMBER_OBJECT_CONVERSION = YES_AGGRESSIVE;
				CLANG_CXX_LANGUAGE_STANDARD = "gnu++17";
				CLANG_ENABLE_MODULES = YES;
				CLANG_ENABLE_OBJC_ARC = YES;
				CLANG_ENABLE_OBJC_WEAK = YES;
				CLANG_WARN_BLOCK_CAPTURE_AUTORELEASING = YES;
				CLANG_WARN_BOOL_CONVERSION = YES;
				CLANG_WARN_COMMA = YES;
				CLANG_WARN_CONSTANT_CONVERSION = YES;
				CLANG_WARN_DEPRECATED_OBJC_IMPLEMENTATIONS = YES;
				CLANG_WARN_DIRECT_OBJC_ISA_USAGE = YES_ERROR;
				CLANG_WARN_DOCUMENTATION_COMMENTS = YES;
				CLANG_WARN_EMPTY_BODY = YES;
				CLANG_WARN_ENUM_CONVERSION = YES;
				CLANG_WARN_INFINITE_RECURSION = YES;
				CLANG_WARN_INT_CONVERSION = YES;
				CLANG_WARN_NON_LITERAL_NULL_CONVERSION = YES;
				CLANG_WARN_OBJC_IMPLICIT_RETAIN_SELF = YES;
				CLANG_WARN_OBJC_LITERAL_CONVERSION = YES;
				CLANG_WARN_OBJC_ROOT_CLASS = YES_ERROR;
				CLANG_WARN_QUOTED_INCLUDE_IN_FRAMEWORK_HEADER = YES;
				CLANG_WARN_RANGE_LOOP_ANALYSIS = YES;
				CLANG_WARN_STRICT_PROTOTYPES = YES;
				CLANG_WARN_SUSPICIOUS_MOVE = YES;
				CLANG_WARN_UNGUARDED_AVAILABILITY = YES_AGGRESSIVE;
				CLANG_WARN_UNREACHABLE_CODE = YES;
				CLANG_WARN__DUPLICATE_METHOD_MATCH = YES;
				COPY_PHASE_STRIP = NO;
				DEBUG_INFORMATION_FORMAT = dwarf;
				ENABLE_STRICT_OBJC_MSGSEND = YES;
				ENABLE_TESTABILITY = YES;
				GCC_C_LANGUAGE_STANDARD = gnu11;
				GCC_DYNAMIC_NO_PIC = NO;
				GCC_NO_COMMON_BLOCKS = YES;
				GCC_OPTIMIZATION_LEVEL = 0;
				GCC_PREPROCESSOR_DEFINITIONS = (
					"DEBUG=1",
					"$(inherited)",
				);
				GCC_WARN_64_TO_32_BIT_CONVERSION = YES;
				GCC_WARN_ABOUT_RETURN_TYPE = YES_ERROR;
				GCC_WARN_UNDECLARED_SELECTOR = YES;
				GCC_WARN_UNINITIALIZED_AUTOS = YES_AGGRESSIVE;
				GCC_WARN_UNUSED_FUNCTION = YES;
				GCC_WARN_UNUSED_VARIABLE = YES;
				IPHONEOS_DEPLOYMENT_TARGET = 15.4;
				MTL_ENABLE_DEBUG_INFO = INCLUDE_SOURCE;
				MTL_FAST_MATH = YES;
				ONLY_ACTIVE_ARCH = YES;
				SDKROOT = iphoneos;
				SWIFT_ACTIVE_COMPILATION_CONDITIONS = DEBUG;
				SWIFT_OPTIMIZATION_LEVEL = "-Onone";
			};
			name = Debug;
		};
		641774B8284A4BEF00495FC9 /* Release */ = {
			isa = XCBuildConfiguration;
			buildSettings = {
				ALWAYS_SEARCH_USER_PATHS = NO;
				CLANG_ANALYZER_NONNULL = YES;
				CLANG_ANALYZER_NUMBER_OBJECT_CONVERSION = YES_AGGRESSIVE;
				CLANG_CXX_LANGUAGE_STANDARD = "gnu++17";
				CLANG_ENABLE_MODULES = YES;
				CLANG_ENABLE_OBJC_ARC = YES;
				CLANG_ENABLE_OBJC_WEAK = YES;
				CLANG_WARN_BLOCK_CAPTURE_AUTORELEASING = YES;
				CLANG_WARN_BOOL_CONVERSION = YES;
				CLANG_WARN_COMMA = YES;
				CLANG_WARN_CONSTANT_CONVERSION = YES;
				CLANG_WARN_DEPRECATED_OBJC_IMPLEMENTATIONS = YES;
				CLANG_WARN_DIRECT_OBJC_ISA_USAGE = YES_ERROR;
				CLANG_WARN_DOCUMENTATION_COMMENTS = YES;
				CLANG_WARN_EMPTY_BODY = YES;
				CLANG_WARN_ENUM_CONVERSION = YES;
				CLANG_WARN_INFINITE_RECURSION = YES;
				CLANG_WARN_INT_CONVERSION = YES;
				CLANG_WARN_NON_LITERAL_NULL_CONVERSION = YES;
				CLANG_WARN_OBJC_IMPLICIT_RETAIN_SELF = YES;
				CLANG_WARN_OBJC_LITERAL_CONVERSION = YES;
				CLANG_WARN_OBJC_ROOT_CLASS = YES_ERROR;
				CLANG_WARN_QUOTED_INCLUDE_IN_FRAMEWORK_HEADER = YES;
				CLANG_WARN_RANGE_LOOP_ANALYSIS = YES;
				CLANG_WARN_STRICT_PROTOTYPES = YES;
				CLANG_WARN_SUSPICIOUS_MOVE = YES;
				CLANG_WARN_UNGUARDED_AVAILABILITY = YES_AGGRESSIVE;
				CLANG_WARN_UNREACHABLE_CODE = YES;
				CLANG_WARN__DUPLICATE_METHOD_MATCH = YES;
				COPY_PHASE_STRIP = NO;
				DEBUG_INFORMATION_FORMAT = "dwarf-with-dsym";
				ENABLE_NS_ASSERTIONS = NO;
				ENABLE_STRICT_OBJC_MSGSEND = YES;
				GCC_C_LANGUAGE_STANDARD = gnu11;
				GCC_NO_COMMON_BLOCKS = YES;
				GCC_WARN_64_TO_32_BIT_CONVERSION = YES;
				GCC_WARN_ABOUT_RETURN_TYPE = YES_ERROR;
				GCC_WARN_UNDECLARED_SELECTOR = YES;
				GCC_WARN_UNINITIALIZED_AUTOS = YES_AGGRESSIVE;
				GCC_WARN_UNUSED_FUNCTION = YES;
				GCC_WARN_UNUSED_VARIABLE = YES;
				IPHONEOS_DEPLOYMENT_TARGET = 15.4;
				MTL_ENABLE_DEBUG_INFO = NO;
				MTL_FAST_MATH = YES;
				SDKROOT = iphoneos;
				SWIFT_COMPILATION_MODE = wholemodule;
				SWIFT_OPTIMIZATION_LEVEL = "-O";
				VALIDATE_PRODUCT = YES;
			};
			name = Release;
		};
		641774BA284A4BEF00495FC9 /* Debug */ = {
			isa = XCBuildConfiguration;
			baseConfigurationReference = 773C39D8A633EA8B18FD5992 /* Pods-Wallapop Marvel App.debug.xcconfig */;
			buildSettings = {
				ASSETCATALOG_COMPILER_APPICON_NAME = AppIcon;
				ASSETCATALOG_COMPILER_GLOBAL_ACCENT_COLOR_NAME = AccentColor;
				CODE_SIGN_STYLE = Automatic;
				CURRENT_PROJECT_VERSION = 1;
				DEVELOPMENT_TEAM = RB6R56A4H5;
				GENERATE_INFOPLIST_FILE = YES;
				INFOPLIST_FILE = "Wallapop Marvel App/Info.plist";
				INFOPLIST_KEY_UIApplicationSupportsIndirectInputEvents = YES;
				INFOPLIST_KEY_UILaunchStoryboardName = LaunchScreen;
				INFOPLIST_KEY_UIMainStoryboardFile = Main;
				INFOPLIST_KEY_UISupportedInterfaceOrientations_iPad = "UIInterfaceOrientationPortrait UIInterfaceOrientationPortraitUpsideDown UIInterfaceOrientationLandscapeLeft UIInterfaceOrientationLandscapeRight";
				INFOPLIST_KEY_UISupportedInterfaceOrientations_iPhone = "UIInterfaceOrientationPortrait UIInterfaceOrientationLandscapeLeft UIInterfaceOrientationLandscapeRight";
				LD_RUNPATH_SEARCH_PATHS = (
					"$(inherited)",
					"@executable_path/Frameworks",
				);
				MARKETING_VERSION = 1.0;
				PRODUCT_BUNDLE_IDENTIFIER = "com.mshendy.Wallapop-Marvel-App";
				PRODUCT_NAME = "$(TARGET_NAME)";
				SWIFT_EMIT_LOC_STRINGS = YES;
				SWIFT_VERSION = 5.0;
				TARGETED_DEVICE_FAMILY = "1,2";
			};
			name = Debug;
		};
		641774BB284A4BEF00495FC9 /* Release */ = {
			isa = XCBuildConfiguration;
			baseConfigurationReference = F33963F7829562CC90060376 /* Pods-Wallapop Marvel App.release.xcconfig */;
			buildSettings = {
				ASSETCATALOG_COMPILER_APPICON_NAME = AppIcon;
				ASSETCATALOG_COMPILER_GLOBAL_ACCENT_COLOR_NAME = AccentColor;
				CODE_SIGN_STYLE = Automatic;
				CURRENT_PROJECT_VERSION = 1;
				DEVELOPMENT_TEAM = RB6R56A4H5;
				GENERATE_INFOPLIST_FILE = YES;
				INFOPLIST_FILE = "Wallapop Marvel App/Info.plist";
				INFOPLIST_KEY_UIApplicationSupportsIndirectInputEvents = YES;
				INFOPLIST_KEY_UILaunchStoryboardName = LaunchScreen;
				INFOPLIST_KEY_UIMainStoryboardFile = Main;
				INFOPLIST_KEY_UISupportedInterfaceOrientations_iPad = "UIInterfaceOrientationPortrait UIInterfaceOrientationPortraitUpsideDown UIInterfaceOrientationLandscapeLeft UIInterfaceOrientationLandscapeRight";
				INFOPLIST_KEY_UISupportedInterfaceOrientations_iPhone = "UIInterfaceOrientationPortrait UIInterfaceOrientationLandscapeLeft UIInterfaceOrientationLandscapeRight";
				LD_RUNPATH_SEARCH_PATHS = (
					"$(inherited)",
					"@executable_path/Frameworks",
				);
				MARKETING_VERSION = 1.0;
				PRODUCT_BUNDLE_IDENTIFIER = "com.mshendy.Wallapop-Marvel-App";
				PRODUCT_NAME = "$(TARGET_NAME)";
				SWIFT_EMIT_LOC_STRINGS = YES;
				SWIFT_VERSION = 5.0;
				TARGETED_DEVICE_FAMILY = "1,2";
			};
			name = Release;
		};
/* End XCBuildConfiguration section */

/* Begin XCConfigurationList section */
		641774A0284A4BEE00495FC9 /* Build configuration list for PBXProject "Wallapop Marvel App" */ = {
			isa = XCConfigurationList;
			buildConfigurations = (
				641774B7284A4BEF00495FC9 /* Debug */,
				641774B8284A4BEF00495FC9 /* Release */,
			);
			defaultConfigurationIsVisible = 0;
			defaultConfigurationName = Release;
		};
		641774B9284A4BEF00495FC9 /* Build configuration list for PBXNativeTarget "Wallapop Marvel App" */ = {
			isa = XCConfigurationList;
			buildConfigurations = (
				641774BA284A4BEF00495FC9 /* Debug */,
				641774BB284A4BEF00495FC9 /* Release */,
			);
			defaultConfigurationIsVisible = 0;
			defaultConfigurationName = Release;
		};
/* End XCConfigurationList section */
	};
	rootObject = 6417749D284A4BEE00495FC9 /* Project object */;
}
