// !$*UTF8*$!
{
	archiveVersion = 1;
	classes = {
	};
	objectVersion = 55;
	objects = {

/* Begin PBXBuildFile section */
		640DE0DA284D8F1E00B8AF4E /* comicsExample.json in Resources */ = {isa = PBXBuildFile; fileRef = 64C6021A284D2343005A1CDD /* comicsExample.json */; };
		640DE0DB284D8F1F00B8AF4E /* comicsExample.json in Resources */ = {isa = PBXBuildFile; fileRef = 64C6021A284D2343005A1CDD /* comicsExample.json */; };
		640DE0DE284D920B00B8AF4E /* MockComicViewModel.swift in Sources */ = {isa = PBXBuildFile; fileRef = 640DE0DD284D920B00B8AF4E /* MockComicViewModel.swift */; };
		641774A9284A4BEE00495FC9 /* AppDelegate.swift in Sources */ = {isa = PBXBuildFile; fileRef = 641774A8284A4BEE00495FC9 /* AppDelegate.swift */; };
		641774AB284A4BEE00495FC9 /* SceneDelegate.swift in Sources */ = {isa = PBXBuildFile; fileRef = 641774AA284A4BEE00495FC9 /* SceneDelegate.swift */; };
		641774AD284A4BEE00495FC9 /* SplashViewController.swift in Sources */ = {isa = PBXBuildFile; fileRef = 641774AC284A4BEE00495FC9 /* SplashViewController.swift */; };
		641774B0284A4BEE00495FC9 /* Main.storyboard in Resources */ = {isa = PBXBuildFile; fileRef = 641774AE284A4BEE00495FC9 /* Main.storyboard */; };
		641774B2284A4BEF00495FC9 /* Assets.xcassets in Resources */ = {isa = PBXBuildFile; fileRef = 641774B1284A4BEF00495FC9 /* Assets.xcassets */; };
		641774B5284A4BEF00495FC9 /* LaunchScreen.storyboard in Resources */ = {isa = PBXBuildFile; fileRef = 641774B3284A4BEF00495FC9 /* LaunchScreen.storyboard */; };
		641774BE284A4CF400495FC9 /* ComicModel.swift in Sources */ = {isa = PBXBuildFile; fileRef = 641774BD284A4CF400495FC9 /* ComicModel.swift */; };
		641774C3284A4EAD00495FC9 /* Constants.swift in Sources */ = {isa = PBXBuildFile; fileRef = 641774C2284A4EAD00495FC9 /* Constants.swift */; };
		641774D9284A509E00495FC9 /* Poppins-ExtraLight.ttf in Resources */ = {isa = PBXBuildFile; fileRef = 641774C6284A509E00495FC9 /* Poppins-ExtraLight.ttf */; };
		641774DA284A509E00495FC9 /* Poppins-ThinItalic.ttf in Resources */ = {isa = PBXBuildFile; fileRef = 641774C7284A509E00495FC9 /* Poppins-ThinItalic.ttf */; };
		641774DB284A509E00495FC9 /* Poppins-ExtraLightItalic.ttf in Resources */ = {isa = PBXBuildFile; fileRef = 641774C8284A509E00495FC9 /* Poppins-ExtraLightItalic.ttf */; };
		641774DC284A509E00495FC9 /* Poppins-BoldItalic.ttf in Resources */ = {isa = PBXBuildFile; fileRef = 641774C9284A509E00495FC9 /* Poppins-BoldItalic.ttf */; };
		641774DD284A509E00495FC9 /* Poppins-Light.ttf in Resources */ = {isa = PBXBuildFile; fileRef = 641774CA284A509E00495FC9 /* Poppins-Light.ttf */; };
		641774DE284A509E00495FC9 /* Poppins-Medium.ttf in Resources */ = {isa = PBXBuildFile; fileRef = 641774CB284A509E00495FC9 /* Poppins-Medium.ttf */; };
		641774DF284A509E00495FC9 /* Poppins-SemiBoldItalic.ttf in Resources */ = {isa = PBXBuildFile; fileRef = 641774CC284A509E00495FC9 /* Poppins-SemiBoldItalic.ttf */; };
		641774E0284A509E00495FC9 /* Poppins-ExtraBoldItalic.ttf in Resources */ = {isa = PBXBuildFile; fileRef = 641774CD284A509E00495FC9 /* Poppins-ExtraBoldItalic.ttf */; };
		641774E1284A509E00495FC9 /* Poppins-ExtraBold.ttf in Resources */ = {isa = PBXBuildFile; fileRef = 641774CE284A509E00495FC9 /* Poppins-ExtraBold.ttf */; };
		641774E2284A509E00495FC9 /* Poppins-BlackItalic.ttf in Resources */ = {isa = PBXBuildFile; fileRef = 641774CF284A509E00495FC9 /* Poppins-BlackItalic.ttf */; };
		641774E3284A509E00495FC9 /* OFL.txt in Resources */ = {isa = PBXBuildFile; fileRef = 641774D0284A509E00495FC9 /* OFL.txt */; };
		641774E4284A509E00495FC9 /* Poppins-Regular.ttf in Resources */ = {isa = PBXBuildFile; fileRef = 641774D1284A509E00495FC9 /* Poppins-Regular.ttf */; };
		641774E5284A509E00495FC9 /* Poppins-LightItalic.ttf in Resources */ = {isa = PBXBuildFile; fileRef = 641774D2284A509E00495FC9 /* Poppins-LightItalic.ttf */; };
		641774E6284A509E00495FC9 /* Poppins-Bold.ttf in Resources */ = {isa = PBXBuildFile; fileRef = 641774D3284A509E00495FC9 /* Poppins-Bold.ttf */; };
		641774E7284A509E00495FC9 /* Poppins-Black.ttf in Resources */ = {isa = PBXBuildFile; fileRef = 641774D4284A509E00495FC9 /* Poppins-Black.ttf */; };
		641774E8284A509E00495FC9 /* Poppins-Thin.ttf in Resources */ = {isa = PBXBuildFile; fileRef = 641774D5284A509E00495FC9 /* Poppins-Thin.ttf */; };
		641774E9284A509E00495FC9 /* Poppins-SemiBold.ttf in Resources */ = {isa = PBXBuildFile; fileRef = 641774D6284A509E00495FC9 /* Poppins-SemiBold.ttf */; };
		641774EA284A509E00495FC9 /* Poppins-Italic.ttf in Resources */ = {isa = PBXBuildFile; fileRef = 641774D7284A509E00495FC9 /* Poppins-Italic.ttf */; };
		641774EB284A509E00495FC9 /* Poppins-MediumItalic.ttf in Resources */ = {isa = PBXBuildFile; fileRef = 641774D8284A509E00495FC9 /* Poppins-MediumItalic.ttf */; };
		641774ED284A50D500495FC9 /* HomeViewController.swift in Sources */ = {isa = PBXBuildFile; fileRef = 641774EC284A50D500495FC9 /* HomeViewController.swift */; };
		641774EF284A5EC700495FC9 /* MyController.swift in Sources */ = {isa = PBXBuildFile; fileRef = 641774EE284A5EC700495FC9 /* MyController.swift */; };
		641774F1284A5F2400495FC9 /* MyUIExtensions.swift in Sources */ = {isa = PBXBuildFile; fileRef = 641774F0284A5F2400495FC9 /* MyUIExtensions.swift */; };
		641774F3284A633A00495FC9 /* MyDataTypeExtensions.swift in Sources */ = {isa = PBXBuildFile; fileRef = 641774F2284A633A00495FC9 /* MyDataTypeExtensions.swift */; };
		641774F6284A63F200495FC9 /* ApisURL.swift in Sources */ = {isa = PBXBuildFile; fileRef = 641774F5284A63F200495FC9 /* ApisURL.swift */; };
		641774F8284A66A000495FC9 /* ComicsService.swift in Sources */ = {isa = PBXBuildFile; fileRef = 641774F7284A66A000495FC9 /* ComicsService.swift */; };
		641774FB284A684000495FC9 /* ComicsViewModel.swift in Sources */ = {isa = PBXBuildFile; fileRef = 641774FA284A684000495FC9 /* ComicsViewModel.swift */; };
		641774FD284A6C7800495FC9 /* ComicCellViewModel.swift in Sources */ = {isa = PBXBuildFile; fileRef = 641774FC284A6C7800495FC9 /* ComicCellViewModel.swift */; };
		64177500284A6E2900495FC9 /* ComicTableViewCell.swift in Sources */ = {isa = PBXBuildFile; fileRef = 641774FF284A6E2900495FC9 /* ComicTableViewCell.swift */; };
		64177502284A6F7400495FC9 /* ComicTableViewCell.xib in Resources */ = {isa = PBXBuildFile; fileRef = 64177501284A6F7400495FC9 /* ComicTableViewCell.xib */; };
		64177504284AFB1D00495FC9 /* ComicViewController.swift in Sources */ = {isa = PBXBuildFile; fileRef = 64177503284AFB1D00495FC9 /* ComicViewController.swift */; };
		6417750B284BF88D00495FC9 /* ComicCollectionViewCell.swift in Sources */ = {isa = PBXBuildFile; fileRef = 6417750A284BF88D00495FC9 /* ComicCollectionViewCell.swift */; };
		6417750D284BF97C00495FC9 /* ComicCollectionViewCell.xib in Resources */ = {isa = PBXBuildFile; fileRef = 6417750C284BF97C00495FC9 /* ComicCollectionViewCell.xib */; };
		6435BB41284E30D9000FA935 /* MockWebService.swift in Sources */ = {isa = PBXBuildFile; fileRef = 6435BB40284E30D9000FA935 /* MockWebService.swift */; };
		6435BB43284E3484000FA935 /* ComicsWebServiceTests.swift in Sources */ = {isa = PBXBuildFile; fileRef = 6435BB42284E3484000FA935 /* ComicsWebServiceTests.swift */; };
		64672F6D284D4AE20055D68A /* ViewComicViewControllerTests.swift in Sources */ = {isa = PBXBuildFile; fileRef = 64672F6C284D4AE20055D68A /* ViewComicViewControllerTests.swift */; };
		64672F6F284D4E7E0055D68A /* SplashViewControllerTests.swift in Sources */ = {isa = PBXBuildFile; fileRef = 64672F6E284D4E7E0055D68A /* SplashViewControllerTests.swift */; };
		64672F77284D58370055D68A /* Wallapop_Marvel_AppUITests.swift in Sources */ = {isa = PBXBuildFile; fileRef = 64672F76284D58370055D68A /* Wallapop_Marvel_AppUITests.swift */; };
		64C60215284D15B8005A1CDD /* ComicsServiceTests.swift in Sources */ = {isa = PBXBuildFile; fileRef = 64C60214284D15B8005A1CDD /* ComicsServiceTests.swift */; };
		64C60217284D1611005A1CDD /* MockComicServiceProtocol.swift in Sources */ = {isa = PBXBuildFile; fileRef = 64C60216284D1611005A1CDD /* MockComicServiceProtocol.swift */; };
		64C6021B284D2343005A1CDD /* comicsExample.json in Resources */ = {isa = PBXBuildFile; fileRef = 64C6021A284D2343005A1CDD /* comicsExample.json */; };
		64C6021D284D43D1005A1CDD /* ComicViewControllerTests.swift in Sources */ = {isa = PBXBuildFile; fileRef = 64C6021C284D43D1005A1CDD /* ComicViewControllerTests.swift */; };
		969FE5B870E7C94CBFDAAED7 /* Pods_Wallapop_Marvel_App_Wallapop_Marvel_AppTests.framework in Frameworks */ = {isa = PBXBuildFile; fileRef = 149E4E050F84AA2A70BA3025 /* Pods_Wallapop_Marvel_App_Wallapop_Marvel_AppTests.framework */; };
		C48BB53CA3E3A40168ACE7D1 /* Pods_Wallapop_Marvel_App.framework in Frameworks */ = {isa = PBXBuildFile; fileRef = 920626DED91F9C3FEE23426A /* Pods_Wallapop_Marvel_App.framework */; };
/* End PBXBuildFile section */

/* Begin PBXContainerItemProxy section */
		64672F7A284D58370055D68A /* PBXContainerItemProxy */ = {
			isa = PBXContainerItemProxy;
			containerPortal = 6417749D284A4BEE00495FC9 /* Project object */;
			proxyType = 1;
			remoteGlobalIDString = 641774A4284A4BEE00495FC9;
			remoteInfo = "Wallapop Marvel App";
		};
		64FAEBB4284C185A00C7EE74 /* PBXContainerItemProxy */ = {
			isa = PBXContainerItemProxy;
			containerPortal = 6417749D284A4BEE00495FC9 /* Project object */;
			proxyType = 1;
			remoteGlobalIDString = 641774A4284A4BEE00495FC9;
			remoteInfo = "Wallapop Marvel App";
		};
/* End PBXContainerItemProxy section */

/* Begin PBXFileReference section */
		149E4E050F84AA2A70BA3025 /* Pods_Wallapop_Marvel_App_Wallapop_Marvel_AppTests.framework */ = {isa = PBXFileReference; explicitFileType = wrapper.framework; includeInIndex = 0; path = Pods_Wallapop_Marvel_App_Wallapop_Marvel_AppTests.framework; sourceTree = BUILT_PRODUCTS_DIR; };
		640DE0DD284D920B00B8AF4E /* MockComicViewModel.swift */ = {isa = PBXFileReference; lastKnownFileType = sourcecode.swift; path = MockComicViewModel.swift; sourceTree = "<group>"; };
		641774A5284A4BEE00495FC9 /* Wallapop Marvel App.app */ = {isa = PBXFileReference; explicitFileType = wrapper.application; includeInIndex = 0; path = "Wallapop Marvel App.app"; sourceTree = BUILT_PRODUCTS_DIR; };
		641774A8284A4BEE00495FC9 /* AppDelegate.swift */ = {isa = PBXFileReference; lastKnownFileType = sourcecode.swift; path = AppDelegate.swift; sourceTree = "<group>"; };
		641774AA284A4BEE00495FC9 /* SceneDelegate.swift */ = {isa = PBXFileReference; lastKnownFileType = sourcecode.swift; path = SceneDelegate.swift; sourceTree = "<group>"; };
		641774AC284A4BEE00495FC9 /* SplashViewController.swift */ = {isa = PBXFileReference; lastKnownFileType = sourcecode.swift; path = SplashViewController.swift; sourceTree = "<group>"; };
		641774AF284A4BEE00495FC9 /* Base */ = {isa = PBXFileReference; lastKnownFileType = file.storyboard; name = Base; path = Base.lproj/Main.storyboard; sourceTree = "<group>"; };
		641774B1284A4BEF00495FC9 /* Assets.xcassets */ = {isa = PBXFileReference; lastKnownFileType = folder.assetcatalog; path = Assets.xcassets; sourceTree = "<group>"; };
		641774B4284A4BEF00495FC9 /* Base */ = {isa = PBXFileReference; lastKnownFileType = file.storyboard; name = Base; path = Base.lproj/LaunchScreen.storyboard; sourceTree = "<group>"; };
		641774B6284A4BEF00495FC9 /* Info.plist */ = {isa = PBXFileReference; lastKnownFileType = text.plist.xml; path = Info.plist; sourceTree = "<group>"; };
		641774BD284A4CF400495FC9 /* ComicModel.swift */ = {isa = PBXFileReference; fileEncoding = 4; lastKnownFileType = sourcecode.swift; path = ComicModel.swift; sourceTree = "<group>"; };
		641774C2284A4EAD00495FC9 /* Constants.swift */ = {isa = PBXFileReference; lastKnownFileType = sourcecode.swift; path = Constants.swift; sourceTree = "<group>"; };
		641774C6284A509E00495FC9 /* Poppins-ExtraLight.ttf */ = {isa = PBXFileReference; lastKnownFileType = file; path = "Poppins-ExtraLight.ttf"; sourceTree = "<group>"; };
		641774C7284A509E00495FC9 /* Poppins-ThinItalic.ttf */ = {isa = PBXFileReference; lastKnownFileType = file; path = "Poppins-ThinItalic.ttf"; sourceTree = "<group>"; };
		641774C8284A509E00495FC9 /* Poppins-ExtraLightItalic.ttf */ = {isa = PBXFileReference; lastKnownFileType = file; path = "Poppins-ExtraLightItalic.ttf"; sourceTree = "<group>"; };
		641774C9284A509E00495FC9 /* Poppins-BoldItalic.ttf */ = {isa = PBXFileReference; lastKnownFileType = file; path = "Poppins-BoldItalic.ttf"; sourceTree = "<group>"; };
		641774CA284A509E00495FC9 /* Poppins-Light.ttf */ = {isa = PBXFileReference; lastKnownFileType = file; path = "Poppins-Light.ttf"; sourceTree = "<group>"; };
		641774CB284A509E00495FC9 /* Poppins-Medium.ttf */ = {isa = PBXFileReference; lastKnownFileType = file; path = "Poppins-Medium.ttf"; sourceTree = "<group>"; };
		641774CC284A509E00495FC9 /* Poppins-SemiBoldItalic.ttf */ = {isa = PBXFileReference; lastKnownFileType = file; path = "Poppins-SemiBoldItalic.ttf"; sourceTree = "<group>"; };
		641774CD284A509E00495FC9 /* Poppins-ExtraBoldItalic.ttf */ = {isa = PBXFileReference; lastKnownFileType = file; path = "Poppins-ExtraBoldItalic.ttf"; sourceTree = "<group>"; };
		641774CE284A509E00495FC9 /* Poppins-ExtraBold.ttf */ = {isa = PBXFileReference; lastKnownFileType = file; path = "Poppins-ExtraBold.ttf"; sourceTree = "<group>"; };
		641774CF284A509E00495FC9 /* Poppins-BlackItalic.ttf */ = {isa = PBXFileReference; lastKnownFileType = file; path = "Poppins-BlackItalic.ttf"; sourceTree = "<group>"; };
		641774D0284A509E00495FC9 /* OFL.txt */ = {isa = PBXFileReference; fileEncoding = 4; lastKnownFileType = text; path = OFL.txt; sourceTree = "<group>"; };
		641774D1284A509E00495FC9 /* Poppins-Regular.ttf */ = {isa = PBXFileReference; lastKnownFileType = file; path = "Poppins-Regular.ttf"; sourceTree = "<group>"; };
		641774D2284A509E00495FC9 /* Poppins-LightItalic.ttf */ = {isa = PBXFileReference; lastKnownFileType = file; path = "Poppins-LightItalic.ttf"; sourceTree = "<group>"; };
		641774D3284A509E00495FC9 /* Poppins-Bold.ttf */ = {isa = PBXFileReference; lastKnownFileType = file; path = "Poppins-Bold.ttf"; sourceTree = "<group>"; };
		641774D4284A509E00495FC9 /* Poppins-Black.ttf */ = {isa = PBXFileReference; lastKnownFileType = file; path = "Poppins-Black.ttf"; sourceTree = "<group>"; };
		641774D5284A509E00495FC9 /* Poppins-Thin.ttf */ = {isa = PBXFileReference; lastKnownFileType = file; path = "Poppins-Thin.ttf"; sourceTree = "<group>"; };
		641774D6284A509E00495FC9 /* Poppins-SemiBold.ttf */ = {isa = PBXFileReference; lastKnownFileType = file; path = "Poppins-SemiBold.ttf"; sourceTree = "<group>"; };
		641774D7284A509E00495FC9 /* Poppins-Italic.ttf */ = {isa = PBXFileReference; lastKnownFileType = file; path = "Poppins-Italic.ttf"; sourceTree = "<group>"; };
		641774D8284A509E00495FC9 /* Poppins-MediumItalic.ttf */ = {isa = PBXFileReference; lastKnownFileType = file; path = "Poppins-MediumItalic.ttf"; sourceTree = "<group>"; };
		641774EC284A50D500495FC9 /* HomeViewController.swift */ = {isa = PBXFileReference; lastKnownFileType = sourcecode.swift; path = HomeViewController.swift; sourceTree = "<group>"; };
		641774EE284A5EC700495FC9 /* MyController.swift */ = {isa = PBXFileReference; fileEncoding = 4; lastKnownFileType = sourcecode.swift; path = MyController.swift; sourceTree = "<group>"; };
		641774F0284A5F2400495FC9 /* MyUIExtensions.swift */ = {isa = PBXFileReference; lastKnownFileType = sourcecode.swift; path = MyUIExtensions.swift; sourceTree = "<group>"; };
		641774F2284A633A00495FC9 /* MyDataTypeExtensions.swift */ = {isa = PBXFileReference; lastKnownFileType = sourcecode.swift; path = MyDataTypeExtensions.swift; sourceTree = "<group>"; };
		641774F5284A63F200495FC9 /* ApisURL.swift */ = {isa = PBXFileReference; lastKnownFileType = sourcecode.swift; path = ApisURL.swift; sourceTree = "<group>"; };
		641774F7284A66A000495FC9 /* ComicsService.swift */ = {isa = PBXFileReference; lastKnownFileType = sourcecode.swift; path = ComicsService.swift; sourceTree = "<group>"; };
		641774FA284A684000495FC9 /* ComicsViewModel.swift */ = {isa = PBXFileReference; lastKnownFileType = sourcecode.swift; path = ComicsViewModel.swift; sourceTree = "<group>"; };
		641774FC284A6C7800495FC9 /* ComicCellViewModel.swift */ = {isa = PBXFileReference; lastKnownFileType = sourcecode.swift; path = ComicCellViewModel.swift; sourceTree = "<group>"; };
		641774FF284A6E2900495FC9 /* ComicTableViewCell.swift */ = {isa = PBXFileReference; lastKnownFileType = sourcecode.swift; path = ComicTableViewCell.swift; sourceTree = "<group>"; };
		64177501284A6F7400495FC9 /* ComicTableViewCell.xib */ = {isa = PBXFileReference; lastKnownFileType = file.xib; path = ComicTableViewCell.xib; sourceTree = "<group>"; };
		64177503284AFB1D00495FC9 /* ComicViewController.swift */ = {isa = PBXFileReference; lastKnownFileType = sourcecode.swift; path = ComicViewController.swift; sourceTree = "<group>"; };
		6417750A284BF88D00495FC9 /* ComicCollectionViewCell.swift */ = {isa = PBXFileReference; lastKnownFileType = sourcecode.swift; path = ComicCollectionViewCell.swift; sourceTree = "<group>"; };
		6417750C284BF97C00495FC9 /* ComicCollectionViewCell.xib */ = {isa = PBXFileReference; lastKnownFileType = file.xib; path = ComicCollectionViewCell.xib; sourceTree = "<group>"; };
		6435BB40284E30D9000FA935 /* MockWebService.swift */ = {isa = PBXFileReference; lastKnownFileType = sourcecode.swift; path = MockWebService.swift; sourceTree = "<group>"; };
		6435BB42284E3484000FA935 /* ComicsWebServiceTests.swift */ = {isa = PBXFileReference; lastKnownFileType = sourcecode.swift; path = ComicsWebServiceTests.swift; sourceTree = "<group>"; };
		64672F6C284D4AE20055D68A /* ViewComicViewControllerTests.swift */ = {isa = PBXFileReference; lastKnownFileType = sourcecode.swift; path = ViewComicViewControllerTests.swift; sourceTree = "<group>"; };
		64672F6E284D4E7E0055D68A /* SplashViewControllerTests.swift */ = {isa = PBXFileReference; lastKnownFileType = sourcecode.swift; path = SplashViewControllerTests.swift; sourceTree = "<group>"; };
		64672F74284D58370055D68A /* Wallapop Marvel AppUITests.xctest */ = {isa = PBXFileReference; explicitFileType = wrapper.cfbundle; includeInIndex = 0; path = "Wallapop Marvel AppUITests.xctest"; sourceTree = BUILT_PRODUCTS_DIR; };
		64672F76284D58370055D68A /* Wallapop_Marvel_AppUITests.swift */ = {isa = PBXFileReference; lastKnownFileType = sourcecode.swift; path = Wallapop_Marvel_AppUITests.swift; sourceTree = "<group>"; };
		64C60214284D15B8005A1CDD /* ComicsServiceTests.swift */ = {isa = PBXFileReference; lastKnownFileType = sourcecode.swift; path = ComicsServiceTests.swift; sourceTree = "<group>"; };
		64C60216284D1611005A1CDD /* MockComicServiceProtocol.swift */ = {isa = PBXFileReference; lastKnownFileType = sourcecode.swift; path = MockComicServiceProtocol.swift; sourceTree = "<group>"; };
		64C6021A284D2343005A1CDD /* comicsExample.json */ = {isa = PBXFileReference; fileEncoding = 4; lastKnownFileType = text.json; path = comicsExample.json; sourceTree = "<group>"; };
		64C6021C284D43D1005A1CDD /* ComicViewControllerTests.swift */ = {isa = PBXFileReference; lastKnownFileType = sourcecode.swift; path = ComicViewControllerTests.swift; sourceTree = "<group>"; };
		64FAEBB0284C185A00C7EE74 /* Wallapop Marvel AppTests.xctest */ = {isa = PBXFileReference; explicitFileType = wrapper.cfbundle; includeInIndex = 0; path = "Wallapop Marvel AppTests.xctest"; sourceTree = BUILT_PRODUCTS_DIR; };
		773C39D8A633EA8B18FD5992 /* Pods-Wallapop Marvel App.debug.xcconfig */ = {isa = PBXFileReference; includeInIndex = 1; lastKnownFileType = text.xcconfig; name = "Pods-Wallapop Marvel App.debug.xcconfig"; path = "Target Support Files/Pods-Wallapop Marvel App/Pods-Wallapop Marvel App.debug.xcconfig"; sourceTree = "<group>"; };
		920626DED91F9C3FEE23426A /* Pods_Wallapop_Marvel_App.framework */ = {isa = PBXFileReference; explicitFileType = wrapper.framework; includeInIndex = 0; path = Pods_Wallapop_Marvel_App.framework; sourceTree = BUILT_PRODUCTS_DIR; };
		DBCE534C781E87B7D8AEDAF8 /* Pods-Wallapop Marvel App-Wallapop Marvel AppTests.release.xcconfig */ = {isa = PBXFileReference; includeInIndex = 1; lastKnownFileType = text.xcconfig; name = "Pods-Wallapop Marvel App-Wallapop Marvel AppTests.release.xcconfig"; path = "Target Support Files/Pods-Wallapop Marvel App-Wallapop Marvel AppTests/Pods-Wallapop Marvel App-Wallapop Marvel AppTests.release.xcconfig"; sourceTree = "<group>"; };
		EA761843CCC3A60878FCEE8F /* Pods-Wallapop Marvel App-Wallapop Marvel AppTests.debug.xcconfig */ = {isa = PBXFileReference; includeInIndex = 1; lastKnownFileType = text.xcconfig; name = "Pods-Wallapop Marvel App-Wallapop Marvel AppTests.debug.xcconfig"; path = "Target Support Files/Pods-Wallapop Marvel App-Wallapop Marvel AppTests/Pods-Wallapop Marvel App-Wallapop Marvel AppTests.debug.xcconfig"; sourceTree = "<group>"; };
		F33963F7829562CC90060376 /* Pods-Wallapop Marvel App.release.xcconfig */ = {isa = PBXFileReference; includeInIndex = 1; lastKnownFileType = text.xcconfig; name = "Pods-Wallapop Marvel App.release.xcconfig"; path = "Target Support Files/Pods-Wallapop Marvel App/Pods-Wallapop Marvel App.release.xcconfig"; sourceTree = "<group>"; };
/* End PBXFileReference section */

/* Begin PBXFrameworksBuildPhase section */
		641774A2284A4BEE00495FC9 /* Frameworks */ = {
			isa = PBXFrameworksBuildPhase;
			buildActionMask = 2147483647;
			files = (
				C48BB53CA3E3A40168ACE7D1 /* Pods_Wallapop_Marvel_App.framework in Frameworks */,
			);
			runOnlyForDeploymentPostprocessing = 0;
		};
		64672F71284D58370055D68A /* Frameworks */ = {
			isa = PBXFrameworksBuildPhase;
			buildActionMask = 2147483647;
			files = (
			);
			runOnlyForDeploymentPostprocessing = 0;
		};
		64FAEBAD284C185A00C7EE74 /* Frameworks */ = {
			isa = PBXFrameworksBuildPhase;
			buildActionMask = 2147483647;
			files = (
				969FE5B870E7C94CBFDAAED7 /* Pods_Wallapop_Marvel_App_Wallapop_Marvel_AppTests.framework in Frameworks */,
			);
			runOnlyForDeploymentPostprocessing = 0;
		};
/* End PBXFrameworksBuildPhase section */

/* Begin PBXGroup section */
		640DE0D9284D851C00B8AF4E /* Services */ = {
			isa = PBXGroup;
			children = (
				64C60214284D15B8005A1CDD /* ComicsServiceTests.swift */,
				6435BB42284E3484000FA935 /* ComicsWebServiceTests.swift */,
			);
			path = Services;
			sourceTree = "<group>";
		};
		640DE0DC284D91E200B8AF4E /* Mocks */ = {
			isa = PBXGroup;
			children = (
				64C60216284D1611005A1CDD /* MockComicServiceProtocol.swift */,
				6435BB40284E30D9000FA935 /* MockWebService.swift */,
				640DE0DD284D920B00B8AF4E /* MockComicViewModel.swift */,
			);
			path = Mocks;
			sourceTree = "<group>";
		};
		6417749C284A4BEE00495FC9 = {
			isa = PBXGroup;
			children = (
				641774A7284A4BEE00495FC9 /* Wallapop Marvel App */,
				64FAEBB1284C185A00C7EE74 /* Wallapop Marvel AppTests */,
				64672F75284D58370055D68A /* Wallapop Marvel AppUITests */,
				641774A6284A4BEE00495FC9 /* Products */,
				C6C0C05D4859C06099FA73F2 /* Pods */,
				8AC162E4F234818D8C91CFA0 /* Frameworks */,
			);
			sourceTree = "<group>";
		};
		641774A6284A4BEE00495FC9 /* Products */ = {
			isa = PBXGroup;
			children = (
				641774A5284A4BEE00495FC9 /* Wallapop Marvel App.app */,
				64FAEBB0284C185A00C7EE74 /* Wallapop Marvel AppTests.xctest */,
				64672F74284D58370055D68A /* Wallapop Marvel AppUITests.xctest */,
			);
			name = Products;
			sourceTree = "<group>";
		};
		641774A7284A4BEE00495FC9 /* Wallapop Marvel App */ = {
			isa = PBXGroup;
			children = (
				641774A8284A4BEE00495FC9 /* AppDelegate.swift */,
				641774AA284A4BEE00495FC9 /* SceneDelegate.swift */,
				641774C4284A4EB300495FC9 /* Helpers */,
				641774F4284A63DA00495FC9 /* Services */,
				641774F9284A683300495FC9 /* View Models */,
				641774BC284A4CF400495FC9 /* Models */,
				641774BF284A4D2100495FC9 /* Views */,
				641774C5284A509E00495FC9 /* Fonts */,
				641774B1284A4BEF00495FC9 /* Assets.xcassets */,
				64C6021A284D2343005A1CDD /* comicsExample.json */,
				641774B6284A4BEF00495FC9 /* Info.plist */,
			);
			path = "Wallapop Marvel App";
			sourceTree = "<group>";
		};
		641774BC284A4CF400495FC9 /* Models */ = {
			isa = PBXGroup;
			children = (
				641774BD284A4CF400495FC9 /* ComicModel.swift */,
			);
			path = Models;
			sourceTree = "<group>";
		};
		641774BF284A4D2100495FC9 /* Views */ = {
			isa = PBXGroup;
			children = (
				64177509284BF7A100495FC9 /* CollectionViewCells */,
				641774FE284A6DFC00495FC9 /* TableView Cells */,
				641774C0284A4D2800495FC9 /* View Controllers */,
				641774AE284A4BEE00495FC9 /* Main.storyboard */,
				641774B3284A4BEF00495FC9 /* LaunchScreen.storyboard */,
			);
			path = Views;
			sourceTree = "<group>";
		};
		641774C0284A4D2800495FC9 /* View Controllers */ = {
			isa = PBXGroup;
			children = (
				641774EC284A50D500495FC9 /* HomeViewController.swift */,
				64177503284AFB1D00495FC9 /* ComicViewController.swift */,
				641774AC284A4BEE00495FC9 /* SplashViewController.swift */,
			);
			path = "View Controllers";
			sourceTree = "<group>";
		};
		641774C4284A4EB300495FC9 /* Helpers */ = {
			isa = PBXGroup;
			children = (
				641774C2284A4EAD00495FC9 /* Constants.swift */,
				641774EE284A5EC700495FC9 /* MyController.swift */,
				641774F0284A5F2400495FC9 /* MyUIExtensions.swift */,
				641774F2284A633A00495FC9 /* MyDataTypeExtensions.swift */,
			);
			path = Helpers;
			sourceTree = "<group>";
		};
		641774C5284A509E00495FC9 /* Fonts */ = {
			isa = PBXGroup;
			children = (
				641774C6284A509E00495FC9 /* Poppins-ExtraLight.ttf */,
				641774C7284A509E00495FC9 /* Poppins-ThinItalic.ttf */,
				641774C8284A509E00495FC9 /* Poppins-ExtraLightItalic.ttf */,
				641774C9284A509E00495FC9 /* Poppins-BoldItalic.ttf */,
				641774CA284A509E00495FC9 /* Poppins-Light.ttf */,
				641774CB284A509E00495FC9 /* Poppins-Medium.ttf */,
				641774CC284A509E00495FC9 /* Poppins-SemiBoldItalic.ttf */,
				641774CD284A509E00495FC9 /* Poppins-ExtraBoldItalic.ttf */,
				641774CE284A509E00495FC9 /* Poppins-ExtraBold.ttf */,
				641774CF284A509E00495FC9 /* Poppins-BlackItalic.ttf */,
				641774D0284A509E00495FC9 /* OFL.txt */,
				641774D1284A509E00495FC9 /* Poppins-Regular.ttf */,
				641774D2284A509E00495FC9 /* Poppins-LightItalic.ttf */,
				641774D3284A509E00495FC9 /* Poppins-Bold.ttf */,
				641774D4284A509E00495FC9 /* Poppins-Black.ttf */,
				641774D5284A509E00495FC9 /* Poppins-Thin.ttf */,
				641774D6284A509E00495FC9 /* Poppins-SemiBold.ttf */,
				641774D7284A509E00495FC9 /* Poppins-Italic.ttf */,
				641774D8284A509E00495FC9 /* Poppins-MediumItalic.ttf */,
			);
			path = Fonts;
			sourceTree = "<group>";
		};
		641774F4284A63DA00495FC9 /* Services */ = {
			isa = PBXGroup;
			children = (
				641774F5284A63F200495FC9 /* ApisURL.swift */,
				641774F7284A66A000495FC9 /* ComicsService.swift */,
			);
			path = Services;
			sourceTree = "<group>";
		};
		641774F9284A683300495FC9 /* View Models */ = {
			isa = PBXGroup;
			children = (
				641774FA284A684000495FC9 /* ComicsViewModel.swift */,
				641774FC284A6C7800495FC9 /* ComicCellViewModel.swift */,
			);
			path = "View Models";
			sourceTree = "<group>";
		};
		641774FE284A6DFC00495FC9 /* TableView Cells */ = {
			isa = PBXGroup;
			children = (
				641774FF284A6E2900495FC9 /* ComicTableViewCell.swift */,
				64177501284A6F7400495FC9 /* ComicTableViewCell.xib */,
			);
			path = "TableView Cells";
			sourceTree = "<group>";
		};
		64177509284BF7A100495FC9 /* CollectionViewCells */ = {
			isa = PBXGroup;
			children = (
				6417750A284BF88D00495FC9 /* ComicCollectionViewCell.swift */,
				6417750C284BF97C00495FC9 /* ComicCollectionViewCell.xib */,
			);
			path = CollectionViewCells;
			sourceTree = "<group>";
		};
		64672F75284D58370055D68A /* Wallapop Marvel AppUITests */ = {
			isa = PBXGroup;
			children = (
				64672F76284D58370055D68A /* Wallapop_Marvel_AppUITests.swift */,
			);
			path = "Wallapop Marvel AppUITests";
			sourceTree = "<group>";
		};
		64C6021E284D4A7A005A1CDD /* View Controllers */ = {
			isa = PBXGroup;
			children = (
				64672F6E284D4E7E0055D68A /* SplashViewControllerTests.swift */,
				64C6021C284D43D1005A1CDD /* ComicViewControllerTests.swift */,
				64672F6C284D4AE20055D68A /* ViewComicViewControllerTests.swift */,
			);
			path = "View Controllers";
			sourceTree = "<group>";
		};
		64FAEBB1284C185A00C7EE74 /* Wallapop Marvel AppTests */ = {
			isa = PBXGroup;
			children = (
				64C6021E284D4A7A005A1CDD /* View Controllers */,
				640DE0D9284D851C00B8AF4E /* Services */,
				640DE0DC284D91E200B8AF4E /* Mocks */,
			);
			path = "Wallapop Marvel AppTests";
			sourceTree = "<group>";
		};
		8AC162E4F234818D8C91CFA0 /* Frameworks */ = {
			isa = PBXGroup;
			children = (
				920626DED91F9C3FEE23426A /* Pods_Wallapop_Marvel_App.framework */,
				149E4E050F84AA2A70BA3025 /* Pods_Wallapop_Marvel_App_Wallapop_Marvel_AppTests.framework */,
			);
			name = Frameworks;
			sourceTree = "<group>";
		};
		C6C0C05D4859C06099FA73F2 /* Pods */ = {
			isa = PBXGroup;
			children = (
				773C39D8A633EA8B18FD5992 /* Pods-Wallapop Marvel App.debug.xcconfig */,
				F33963F7829562CC90060376 /* Pods-Wallapop Marvel App.release.xcconfig */,
				EA761843CCC3A60878FCEE8F /* Pods-Wallapop Marvel App-Wallapop Marvel AppTests.debug.xcconfig */,
				DBCE534C781E87B7D8AEDAF8 /* Pods-Wallapop Marvel App-Wallapop Marvel AppTests.release.xcconfig */,
			);
			path = Pods;
			sourceTree = "<group>";
		};
/* End PBXGroup section */

/* Begin PBXNativeTarget section */
		641774A4284A4BEE00495FC9 /* Wallapop Marvel App */ = {
			isa = PBXNativeTarget;
			buildConfigurationList = 641774B9284A4BEF00495FC9 /* Build configuration list for PBXNativeTarget "Wallapop Marvel App" */;
			buildPhases = (
				A38638719AA86C6354268FDB /* [CP] Check Pods Manifest.lock */,
				641774A1284A4BEE00495FC9 /* Sources */,
				641774A2284A4BEE00495FC9 /* Frameworks */,
				641774A3284A4BEE00495FC9 /* Resources */,
				3E245D4EB85FEC7D0898352D /* [CP] Embed Pods Frameworks */,
			);
			buildRules = (
			);
			dependencies = (
			);
			name = "Wallapop Marvel App";
			productName = "Wallapop Marvel App";
			productReference = 641774A5284A4BEE00495FC9 /* Wallapop Marvel App.app */;
			productType = "com.apple.product-type.application";
		};
		64672F73284D58370055D68A /* Wallapop Marvel AppUITests */ = {
			isa = PBXNativeTarget;
			buildConfigurationList = 64672F7C284D58370055D68A /* Build configuration list for PBXNativeTarget "Wallapop Marvel AppUITests" */;
			buildPhases = (
				64672F70284D58370055D68A /* Sources */,
				64672F71284D58370055D68A /* Frameworks */,
				64672F72284D58370055D68A /* Resources */,
			);
			buildRules = (
			);
			dependencies = (
				64672F7B284D58370055D68A /* PBXTargetDependency */,
			);
			name = "Wallapop Marvel AppUITests";
			productName = "Wallapop Marvel AppUITests";
			productReference = 64672F74284D58370055D68A /* Wallapop Marvel AppUITests.xctest */;
			productType = "com.apple.product-type.bundle.ui-testing";
		};
		64FAEBAF284C185A00C7EE74 /* Wallapop Marvel AppTests */ = {
			isa = PBXNativeTarget;
			buildConfigurationList = 64FAEBB8284C185A00C7EE74 /* Build configuration list for PBXNativeTarget "Wallapop Marvel AppTests" */;
			buildPhases = (
				8514B21DC1BAC10C70AB7311 /* [CP] Check Pods Manifest.lock */,
				64FAEBAC284C185A00C7EE74 /* Sources */,
				64FAEBAD284C185A00C7EE74 /* Frameworks */,
				64FAEBAE284C185A00C7EE74 /* Resources */,
				D916C80D932EDC6AB6D9D087 /* [CP] Embed Pods Frameworks */,
			);
			buildRules = (
			);
			dependencies = (
				64FAEBB5284C185A00C7EE74 /* PBXTargetDependency */,
			);
			name = "Wallapop Marvel AppTests";
			productName = "Wallapop Marvel AppTests";
			productReference = 64FAEBB0284C185A00C7EE74 /* Wallapop Marvel AppTests.xctest */;
			productType = "com.apple.product-type.bundle.unit-test";
		};
/* End PBXNativeTarget section */

/* Begin PBXProject section */
		6417749D284A4BEE00495FC9 /* Project object */ = {
			isa = PBXProject;
			attributes = {
				BuildIndependentTargetsInParallel = 1;
				LastSwiftUpdateCheck = 1330;
				LastUpgradeCheck = 1330;
				TargetAttributes = {
					641774A4284A4BEE00495FC9 = {
						CreatedOnToolsVersion = 13.3.1;
					};
					64672F73284D58370055D68A = {
						CreatedOnToolsVersion = 13.3.1;
						TestTargetID = 641774A4284A4BEE00495FC9;
					};
					64FAEBAF284C185A00C7EE74 = {
						CreatedOnToolsVersion = 13.3.1;
						LastSwiftMigration = 1330;
						TestTargetID = 641774A4284A4BEE00495FC9;
					};
				};
			};
			buildConfigurationList = 641774A0284A4BEE00495FC9 /* Build configuration list for PBXProject "Wallapop Marvel App" */;
			compatibilityVersion = "Xcode 13.0";
			developmentRegion = en;
			hasScannedForEncodings = 0;
			knownRegions = (
				en,
				Base,
			);
			mainGroup = 6417749C284A4BEE00495FC9;
			productRefGroup = 641774A6284A4BEE00495FC9 /* Products */;
			projectDirPath = "";
			projectRoot = "";
			targets = (
				641774A4284A4BEE00495FC9 /* Wallapop Marvel App */,
				64FAEBAF284C185A00C7EE74 /* Wallapop Marvel AppTests */,
				64672F73284D58370055D68A /* Wallapop Marvel AppUITests */,
			);
		};
/* End PBXProject section */

/* Begin PBXResourcesBuildPhase section */
		641774A3284A4BEE00495FC9 /* Resources */ = {
			isa = PBXResourcesBuildPhase;
			buildActionMask = 2147483647;
			files = (
				641774E8284A509E00495FC9 /* Poppins-Thin.ttf in Resources */,
				641774EB284A509E00495FC9 /* Poppins-MediumItalic.ttf in Resources */,
				641774E3284A509E00495FC9 /* OFL.txt in Resources */,
				641774DB284A509E00495FC9 /* Poppins-ExtraLightItalic.ttf in Resources */,
				641774E2284A509E00495FC9 /* Poppins-BlackItalic.ttf in Resources */,
				641774D9284A509E00495FC9 /* Poppins-ExtraLight.ttf in Resources */,
				641774E9284A509E00495FC9 /* Poppins-SemiBold.ttf in Resources */,
				641774DC284A509E00495FC9 /* Poppins-BoldItalic.ttf in Resources */,
				64177502284A6F7400495FC9 /* ComicTableViewCell.xib in Resources */,
				641774DD284A509E00495FC9 /* Poppins-Light.ttf in Resources */,
				641774E7284A509E00495FC9 /* Poppins-Black.ttf in Resources */,
				641774EA284A509E00495FC9 /* Poppins-Italic.ttf in Resources */,
				641774E1284A509E00495FC9 /* Poppins-ExtraBold.ttf in Resources */,
				641774E5284A509E00495FC9 /* Poppins-LightItalic.ttf in Resources */,
				641774B5284A4BEF00495FC9 /* LaunchScreen.storyboard in Resources */,
				640DE0DA284D8F1E00B8AF4E /* comicsExample.json in Resources */,
				641774DF284A509E00495FC9 /* Poppins-SemiBoldItalic.ttf in Resources */,
				641774E4284A509E00495FC9 /* Poppins-Regular.ttf in Resources */,
				641774E0284A509E00495FC9 /* Poppins-ExtraBoldItalic.ttf in Resources */,
				641774E6284A509E00495FC9 /* Poppins-Bold.ttf in Resources */,
				641774DA284A509E00495FC9 /* Poppins-ThinItalic.ttf in Resources */,
				641774DE284A509E00495FC9 /* Poppins-Medium.ttf in Resources */,
				641774B2284A4BEF00495FC9 /* Assets.xcassets in Resources */,
				6417750D284BF97C00495FC9 /* ComicCollectionViewCell.xib in Resources */,
				641774B0284A4BEE00495FC9 /* Main.storyboard in Resources */,
			);
			runOnlyForDeploymentPostprocessing = 0;
		};
		64672F72284D58370055D68A /* Resources */ = {
			isa = PBXResourcesBuildPhase;
			buildActionMask = 2147483647;
			files = (
				640DE0DB284D8F1F00B8AF4E /* comicsExample.json in Resources */,
			);
			runOnlyForDeploymentPostprocessing = 0;
		};
		64FAEBAE284C185A00C7EE74 /* Resources */ = {
			isa = PBXResourcesBuildPhase;
			buildActionMask = 2147483647;
			files = (
				64C6021B284D2343005A1CDD /* comicsExample.json in Resources */,
			);
			runOnlyForDeploymentPostprocessing = 0;
		};
/* End PBXResourcesBuildPhase section */

/* Begin PBXShellScriptBuildPhase section */
		3E245D4EB85FEC7D0898352D /* [CP] Embed Pods Frameworks */ = {
			isa = PBXShellScriptBuildPhase;
			buildActionMask = 2147483647;
			files = (
			);
			inputFileListPaths = (
				"${PODS_ROOT}/Target Support Files/Pods-Wallapop Marvel App/Pods-Wallapop Marvel App-frameworks-${CONFIGURATION}-input-files.xcfilelist",
			);
			name = "[CP] Embed Pods Frameworks";
			outputFileListPaths = (
				"${PODS_ROOT}/Target Support Files/Pods-Wallapop Marvel App/Pods-Wallapop Marvel App-frameworks-${CONFIGURATION}-output-files.xcfilelist",
			);
			runOnlyForDeploymentPostprocessing = 0;
			shellPath = /bin/sh;
			shellScript = "\"${PODS_ROOT}/Target Support Files/Pods-Wallapop Marvel App/Pods-Wallapop Marvel App-frameworks.sh\"\n";
			showEnvVarsInLog = 0;
		};
		8514B21DC1BAC10C70AB7311 /* [CP] Check Pods Manifest.lock */ = {
			isa = PBXShellScriptBuildPhase;
			buildActionMask = 2147483647;
			files = (
			);
			inputFileListPaths = (
			);
			inputPaths = (
				"${PODS_PODFILE_DIR_PATH}/Podfile.lock",
				"${PODS_ROOT}/Manifest.lock",
			);
			name = "[CP] Check Pods Manifest.lock";
			outputFileListPaths = (
			);
			outputPaths = (
				"$(DERIVED_FILE_DIR)/Pods-Wallapop Marvel App-Wallapop Marvel AppTests-checkManifestLockResult.txt",
			);
			runOnlyForDeploymentPostprocessing = 0;
			shellPath = /bin/sh;
			shellScript = "diff \"${PODS_PODFILE_DIR_PATH}/Podfile.lock\" \"${PODS_ROOT}/Manifest.lock\" > /dev/null\nif [ $? != 0 ] ; then\n    # print error to STDERR\n    echo \"error: The sandbox is not in sync with the Podfile.lock. Run 'pod install' or update your CocoaPods installation.\" >&2\n    exit 1\nfi\n# This output is used by Xcode 'outputs' to avoid re-running this script phase.\necho \"SUCCESS\" > \"${SCRIPT_OUTPUT_FILE_0}\"\n";
			showEnvVarsInLog = 0;
		};
		A38638719AA86C6354268FDB /* [CP] Check Pods Manifest.lock */ = {
			isa = PBXShellScriptBuildPhase;
			buildActionMask = 2147483647;
			files = (
			);
			inputFileListPaths = (
			);
			inputPaths = (
				"${PODS_PODFILE_DIR_PATH}/Podfile.lock",
				"${PODS_ROOT}/Manifest.lock",
			);
			name = "[CP] Check Pods Manifest.lock";
			outputFileListPaths = (
			);
			outputPaths = (
				"$(DERIVED_FILE_DIR)/Pods-Wallapop Marvel App-checkManifestLockResult.txt",
			);
			runOnlyForDeploymentPostprocessing = 0;
			shellPath = /bin/sh;
			shellScript = "diff \"${PODS_PODFILE_DIR_PATH}/Podfile.lock\" \"${PODS_ROOT}/Manifest.lock\" > /dev/null\nif [ $? != 0 ] ; then\n    # print error to STDERR\n    echo \"error: The sandbox is not in sync with the Podfile.lock. Run 'pod install' or update your CocoaPods installation.\" >&2\n    exit 1\nfi\n# This output is used by Xcode 'outputs' to avoid re-running this script phase.\necho \"SUCCESS\" > \"${SCRIPT_OUTPUT_FILE_0}\"\n";
			showEnvVarsInLog = 0;
		};
		D916C80D932EDC6AB6D9D087 /* [CP] Embed Pods Frameworks */ = {
			isa = PBXShellScriptBuildPhase;
			buildActionMask = 2147483647;
			files = (
			);
			inputFileListPaths = (
				"${PODS_ROOT}/Target Support Files/Pods-Wallapop Marvel App-Wallapop Marvel AppTests/Pods-Wallapop Marvel App-Wallapop Marvel AppTests-frameworks-${CONFIGURATION}-input-files.xcfilelist",
			);
			name = "[CP] Embed Pods Frameworks";
			outputFileListPaths = (
				"${PODS_ROOT}/Target Support Files/Pods-Wallapop Marvel App-Wallapop Marvel AppTests/Pods-Wallapop Marvel App-Wallapop Marvel AppTests-frameworks-${CONFIGURATION}-output-files.xcfilelist",
			);
			runOnlyForDeploymentPostprocessing = 0;
			shellPath = /bin/sh;
			shellScript = "\"${PODS_ROOT}/Target Support Files/Pods-Wallapop Marvel App-Wallapop Marvel AppTests/Pods-Wallapop Marvel App-Wallapop Marvel AppTests-frameworks.sh\"\n";
			showEnvVarsInLog = 0;
		};
/* End PBXShellScriptBuildPhase section */

/* Begin PBXSourcesBuildPhase section */
		641774A1284A4BEE00495FC9 /* Sources */ = {
			isa = PBXSourcesBuildPhase;
			buildActionMask = 2147483647;
			files = (
				641774F8284A66A000495FC9 /* ComicsService.swift in Sources */,
				641774C3284A4EAD00495FC9 /* Constants.swift in Sources */,
				64177504284AFB1D00495FC9 /* ComicViewController.swift in Sources */,
				641774EF284A5EC700495FC9 /* MyController.swift in Sources */,
				641774F6284A63F200495FC9 /* ApisURL.swift in Sources */,
				641774AD284A4BEE00495FC9 /* SplashViewController.swift in Sources */,
				641774F1284A5F2400495FC9 /* MyUIExtensions.swift in Sources */,
				641774FB284A684000495FC9 /* ComicsViewModel.swift in Sources */,
				64177500284A6E2900495FC9 /* ComicTableViewCell.swift in Sources */,
				641774BE284A4CF400495FC9 /* ComicModel.swift in Sources */,
				6417750B284BF88D00495FC9 /* ComicCollectionViewCell.swift in Sources */,
				641774A9284A4BEE00495FC9 /* AppDelegate.swift in Sources */,
				641774F3284A633A00495FC9 /* MyDataTypeExtensions.swift in Sources */,
				641774AB284A4BEE00495FC9 /* SceneDelegate.swift in Sources */,
				641774FD284A6C7800495FC9 /* ComicCellViewModel.swift in Sources */,
				641774ED284A50D500495FC9 /* HomeViewController.swift in Sources */,
			);
			runOnlyForDeploymentPostprocessing = 0;
		};
		64672F70284D58370055D68A /* Sources */ = {
			isa = PBXSourcesBuildPhase;
			buildActionMask = 2147483647;
			files = (
				64672F77284D58370055D68A /* Wallapop_Marvel_AppUITests.swift in Sources */,
			);
			runOnlyForDeploymentPostprocessing = 0;
		};
		64FAEBAC284C185A00C7EE74 /* Sources */ = {
			isa = PBXSourcesBuildPhase;
			buildActionMask = 2147483647;
			files = (
				64C60215284D15B8005A1CDD /* ComicsServiceTests.swift in Sources */,
				6435BB41284E30D9000FA935 /* MockWebService.swift in Sources */,
				64672F6F284D4E7E0055D68A /* SplashViewControllerTests.swift in Sources */,
				64672F6D284D4AE20055D68A /* ViewComicViewControllerTests.swift in Sources */,
				64C6021D284D43D1005A1CDD /* ComicViewControllerTests.swift in Sources */,
				640DE0DE284D920B00B8AF4E /* MockComicViewModel.swift in Sources */,
				6435BB43284E3484000FA935 /* ComicsWebServiceTests.swift in Sources */,
				64C60217284D1611005A1CDD /* MockComicServiceProtocol.swift in Sources */,
			);
			runOnlyForDeploymentPostprocessing = 0;
		};
/* End PBXSourcesBuildPhase section */

/* Begin PBXTargetDependency section */
		64672F7B284D58370055D68A /* PBXTargetDependency */ = {
			isa = PBXTargetDependency;
			target = 641774A4284A4BEE00495FC9 /* Wallapop Marvel App */;
			targetProxy = 64672F7A284D58370055D68A /* PBXContainerItemProxy */;
		};
		64FAEBB5284C185A00C7EE74 /* PBXTargetDependency */ = {
			isa = PBXTargetDependency;
			target = 641774A4284A4BEE00495FC9 /* Wallapop Marvel App */;
			targetProxy = 64FAEBB4284C185A00C7EE74 /* PBXContainerItemProxy */;
		};
/* End PBXTargetDependency section */

/* Begin PBXVariantGroup section */
		641774AE284A4BEE00495FC9 /* Main.storyboard */ = {
			isa = PBXVariantGroup;
			children = (
				641774AF284A4BEE00495FC9 /* Base */,
			);
			name = Main.storyboard;
			sourceTree = "<group>";
		};
		641774B3284A4BEF00495FC9 /* LaunchScreen.storyboard */ = {
			isa = PBXVariantGroup;
			children = (
				641774B4284A4BEF00495FC9 /* Base */,
			);
			name = LaunchScreen.storyboard;
			sourceTree = "<group>";
		};
/* End PBXVariantGroup section */

/* Begin XCBuildConfiguration section */
		641774B7284A4BEF00495FC9 /* Debug */ = {
			isa = XCBuildConfiguration;
			buildSettings = {
				ALWAYS_SEARCH_USER_PATHS = NO;
				CLANG_ANALYZER_NONNULL = YES;
				CLANG_ANALYZER_NUMBER_OBJECT_CONVERSION = YES_AGGRESSIVE;
				CLANG_CXX_LANGUAGE_STANDARD = "gnu++17";
				CLANG_ENABLE_MODULES = YES;
				CLANG_ENABLE_OBJC_ARC = YES;
				CLANG_ENABLE_OBJC_WEAK = YES;
				CLANG_WARN_BLOCK_CAPTURE_AUTORELEASING = YES;
				CLANG_WARN_BOOL_CONVERSION = YES;
				CLANG_WARN_COMMA = YES;
				CLANG_WARN_CONSTANT_CONVERSION = YES;
				CLANG_WARN_DEPRECATED_OBJC_IMPLEMENTATIONS = YES;
				CLANG_WARN_DIRECT_OBJC_ISA_USAGE = YES_ERROR;
				CLANG_WARN_DOCUMENTATION_COMMENTS = YES;
				CLANG_WARN_EMPTY_BODY = YES;
				CLANG_WARN_ENUM_CONVERSION = YES;
				CLANG_WARN_INFINITE_RECURSION = YES;
				CLANG_WARN_INT_CONVERSION = YES;
				CLANG_WARN_NON_LITERAL_NULL_CONVERSION = YES;
				CLANG_WARN_OBJC_IMPLICIT_RETAIN_SELF = YES;
				CLANG_WARN_OBJC_LITERAL_CONVERSION = YES;
				CLANG_WARN_OBJC_ROOT_CLASS = YES_ERROR;
				CLANG_WARN_QUOTED_INCLUDE_IN_FRAMEWORK_HEADER = YES;
				CLANG_WARN_RANGE_LOOP_ANALYSIS = YES;
				CLANG_WARN_STRICT_PROTOTYPES = YES;
				CLANG_WARN_SUSPICIOUS_MOVE = YES;
				CLANG_WARN_UNGUARDED_AVAILABILITY = YES_AGGRESSIVE;
				CLANG_WARN_UNREACHABLE_CODE = YES;
				CLANG_WARN__DUPLICATE_METHOD_MATCH = YES;
				COPY_PHASE_STRIP = NO;
				DEBUG_INFORMATION_FORMAT = dwarf;
				ENABLE_STRICT_OBJC_MSGSEND = YES;
				ENABLE_TESTABILITY = YES;
				GCC_C_LANGUAGE_STANDARD = gnu11;
				GCC_DYNAMIC_NO_PIC = NO;
				GCC_NO_COMMON_BLOCKS = YES;
				GCC_OPTIMIZATION_LEVEL = 0;
				GCC_PREPROCESSOR_DEFINITIONS = (
					"DEBUG=1",
					"$(inherited)",
				);
				GCC_WARN_64_TO_32_BIT_CONVERSION = YES;
				GCC_WARN_ABOUT_RETURN_TYPE = YES_ERROR;
				GCC_WARN_UNDECLARED_SELECTOR = YES;
				GCC_WARN_UNINITIALIZED_AUTOS = YES_AGGRESSIVE;
				GCC_WARN_UNUSED_FUNCTION = YES;
				GCC_WARN_UNUSED_VARIABLE = YES;
				IPHONEOS_DEPLOYMENT_TARGET = 13.0;
				MTL_ENABLE_DEBUG_INFO = INCLUDE_SOURCE;
				MTL_FAST_MATH = YES;
				ONLY_ACTIVE_ARCH = YES;
				SDKROOT = iphoneos;
				SWIFT_ACTIVE_COMPILATION_CONDITIONS = DEBUG;
				SWIFT_OPTIMIZATION_LEVEL = "-Onone";
			};
			name = Debug;
		};
		641774B8284A4BEF00495FC9 /* Release */ = {
			isa = XCBuildConfiguration;
			buildSettings = {
				ALWAYS_SEARCH_USER_PATHS = NO;
				CLANG_ANALYZER_NONNULL = YES;
				CLANG_ANALYZER_NUMBER_OBJECT_CONVERSION = YES_AGGRESSIVE;
				CLANG_CXX_LANGUAGE_STANDARD = "gnu++17";
				CLANG_ENABLE_MODULES = YES;
				CLANG_ENABLE_OBJC_ARC = YES;
				CLANG_ENABLE_OBJC_WEAK = YES;
				CLANG_WARN_BLOCK_CAPTURE_AUTORELEASING = YES;
				CLANG_WARN_BOOL_CONVERSION = YES;
				CLANG_WARN_COMMA = YES;
				CLANG_WARN_CONSTANT_CONVERSION = YES;
				CLANG_WARN_DEPRECATED_OBJC_IMPLEMENTATIONS = YES;
				CLANG_WARN_DIRECT_OBJC_ISA_USAGE = YES_ERROR;
				CLANG_WARN_DOCUMENTATION_COMMENTS = YES;
				CLANG_WARN_EMPTY_BODY = YES;
				CLANG_WARN_ENUM_CONVERSION = YES;
				CLANG_WARN_INFINITE_RECURSION = YES;
				CLANG_WARN_INT_CONVERSION = YES;
				CLANG_WARN_NON_LITERAL_NULL_CONVERSION = YES;
				CLANG_WARN_OBJC_IMPLICIT_RETAIN_SELF = YES;
				CLANG_WARN_OBJC_LITERAL_CONVERSION = YES;
				CLANG_WARN_OBJC_ROOT_CLASS = YES_ERROR;
				CLANG_WARN_QUOTED_INCLUDE_IN_FRAMEWORK_HEADER = YES;
				CLANG_WARN_RANGE_LOOP_ANALYSIS = YES;
				CLANG_WARN_STRICT_PROTOTYPES = YES;
				CLANG_WARN_SUSPICIOUS_MOVE = YES;
				CLANG_WARN_UNGUARDED_AVAILABILITY = YES_AGGRESSIVE;
				CLANG_WARN_UNREACHABLE_CODE = YES;
				CLANG_WARN__DUPLICATE_METHOD_MATCH = YES;
				COPY_PHASE_STRIP = NO;
				DEBUG_INFORMATION_FORMAT = "dwarf-with-dsym";
				ENABLE_NS_ASSERTIONS = NO;
				ENABLE_STRICT_OBJC_MSGSEND = YES;
				GCC_C_LANGUAGE_STANDARD = gnu11;
				GCC_NO_COMMON_BLOCKS = YES;
				GCC_WARN_64_TO_32_BIT_CONVERSION = YES;
				GCC_WARN_ABOUT_RETURN_TYPE = YES_ERROR;
				GCC_WARN_UNDECLARED_SELECTOR = YES;
				GCC_WARN_UNINITIALIZED_AUTOS = YES_AGGRESSIVE;
				GCC_WARN_UNUSED_FUNCTION = YES;
				GCC_WARN_UNUSED_VARIABLE = YES;
				IPHONEOS_DEPLOYMENT_TARGET = 13.0;
				MTL_ENABLE_DEBUG_INFO = NO;
				MTL_FAST_MATH = YES;
				SDKROOT = iphoneos;
				SWIFT_COMPILATION_MODE = wholemodule;
				SWIFT_OPTIMIZATION_LEVEL = "-O";
				VALIDATE_PRODUCT = YES;
			};
			name = Release;
		};
		641774BA284A4BEF00495FC9 /* Debug */ = {
			isa = XCBuildConfiguration;
			baseConfigurationReference = 773C39D8A633EA8B18FD5992 /* Pods-Wallapop Marvel App.debug.xcconfig */;
			buildSettings = {
				ASSETCATALOG_COMPILER_APPICON_NAME = AppIcon;
				ASSETCATALOG_COMPILER_GLOBAL_ACCENT_COLOR_NAME = AccentColor;
				CODE_SIGN_STYLE = Automatic;
				CURRENT_PROJECT_VERSION = 1;
				DEVELOPMENT_TEAM = RB6R56A4H5;
				GENERATE_INFOPLIST_FILE = YES;
				INFOPLIST_FILE = "Wallapop Marvel App/Info.plist";
				INFOPLIST_KEY_UIApplicationSupportsIndirectInputEvents = YES;
				INFOPLIST_KEY_UILaunchStoryboardName = LaunchScreen;
				INFOPLIST_KEY_UIMainStoryboardFile = Main;
				INFOPLIST_KEY_UISupportedInterfaceOrientations = UIInterfaceOrientationPortrait;
				INFOPLIST_KEY_UISupportedInterfaceOrientations_iPad = "UIInterfaceOrientationPortrait UIInterfaceOrientationPortraitUpsideDown UIInterfaceOrientationLandscapeLeft UIInterfaceOrientationLandscapeRight";
				INFOPLIST_KEY_UISupportedInterfaceOrientations_iPhone = "UIInterfaceOrientationPortrait UIInterfaceOrientationLandscapeLeft UIInterfaceOrientationLandscapeRight";
				IPHONEOS_DEPLOYMENT_TARGET = 13.0;
				LD_RUNPATH_SEARCH_PATHS = (
					"$(inherited)",
					"@executable_path/Frameworks",
				);
				MARKETING_VERSION = 1.0;
				PRODUCT_BUNDLE_IDENTIFIER = "com.mshendy.Wallapop-Marvel-App";
				PRODUCT_NAME = "$(TARGET_NAME)";
				SWIFT_EMIT_LOC_STRINGS = YES;
				SWIFT_VERSION = 5.0;
				TARGETED_DEVICE_FAMILY = "1,2";
			};
			name = Debug;
		};
		641774BB284A4BEF00495FC9 /* Release */ = {
			isa = XCBuildConfiguration;
			baseConfigurationReference = F33963F7829562CC90060376 /* Pods-Wallapop Marvel App.release.xcconfig */;
			buildSettings = {
				ASSETCATALOG_COMPILER_APPICON_NAME = AppIcon;
				ASSETCATALOG_COMPILER_GLOBAL_ACCENT_COLOR_NAME = AccentColor;
				CODE_SIGN_STYLE = Automatic;
				CURRENT_PROJECT_VERSION = 1;
				DEVELOPMENT_TEAM = RB6R56A4H5;
				GENERATE_INFOPLIST_FILE = YES;
				INFOPLIST_FILE = "Wallapop Marvel App/Info.plist";
				INFOPLIST_KEY_UIApplicationSupportsIndirectInputEvents = YES;
				INFOPLIST_KEY_UILaunchStoryboardName = LaunchScreen;
				INFOPLIST_KEY_UIMainStoryboardFile = Main;
				INFOPLIST_KEY_UISupportedInterfaceOrientations = UIInterfaceOrientationPortrait;
				INFOPLIST_KEY_UISupportedInterfaceOrientations_iPad = "UIInterfaceOrientationPortrait UIInterfaceOrientationPortraitUpsideDown UIInterfaceOrientationLandscapeLeft UIInterfaceOrientationLandscapeRight";
				INFOPLIST_KEY_UISupportedInterfaceOrientations_iPhone = "UIInterfaceOrientationPortrait UIInterfaceOrientationLandscapeLeft UIInterfaceOrientationLandscapeRight";
				IPHONEOS_DEPLOYMENT_TARGET = 13.0;
				LD_RUNPATH_SEARCH_PATHS = (
					"$(inherited)",
					"@executable_path/Frameworks",
				);
				MARKETING_VERSION = 1.0;
				PRODUCT_BUNDLE_IDENTIFIER = "com.mshendy.Wallapop-Marvel-App";
				PRODUCT_NAME = "$(TARGET_NAME)";
				SWIFT_EMIT_LOC_STRINGS = YES;
				SWIFT_VERSION = 5.0;
				TARGETED_DEVICE_FAMILY = "1,2";
			};
			name = Release;
		};
		64672F7D284D58370055D68A /* Debug */ = {
			isa = XCBuildConfiguration;
			buildSettings = {
				CODE_SIGN_STYLE = Automatic;
				CURRENT_PROJECT_VERSION = 1;
				DEVELOPMENT_TEAM = RB6R56A4H5;
				GENERATE_INFOPLIST_FILE = YES;
				IPHONEOS_DEPLOYMENT_TARGET = 15.4;
				MARKETING_VERSION = 1.0;
				PRODUCT_BUNDLE_IDENTIFIER = "com.mshendy.Wallapop-Marvel-AppUITests";
				PRODUCT_NAME = "$(TARGET_NAME)";
				SWIFT_EMIT_LOC_STRINGS = NO;
				SWIFT_VERSION = 5.0;
				TARGETED_DEVICE_FAMILY = "1,2";
				TEST_TARGET_NAME = "Wallapop Marvel App";
			};
			name = Debug;
		};
		64672F7E284D58370055D68A /* Release */ = {
			isa = XCBuildConfiguration;
			buildSettings = {
				CODE_SIGN_STYLE = Automatic;
				CURRENT_PROJECT_VERSION = 1;
				DEVELOPMENT_TEAM = RB6R56A4H5;
				GENERATE_INFOPLIST_FILE = YES;
				IPHONEOS_DEPLOYMENT_TARGET = 15.4;
				MARKETING_VERSION = 1.0;
				PRODUCT_BUNDLE_IDENTIFIER = "com.mshendy.Wallapop-Marvel-AppUITests";
				PRODUCT_NAME = "$(TARGET_NAME)";
				SWIFT_EMIT_LOC_STRINGS = NO;
				SWIFT_VERSION = 5.0;
				TARGETED_DEVICE_FAMILY = "1,2";
				TEST_TARGET_NAME = "Wallapop Marvel App";
			};
			name = Release;
		};
		64FAEBB6284C185A00C7EE74 /* Debug */ = {
			isa = XCBuildConfiguration;
			baseConfigurationReference = EA761843CCC3A60878FCEE8F /* Pods-Wallapop Marvel App-Wallapop Marvel AppTests.debug.xcconfig */;
			buildSettings = {
				BUNDLE_LOADER = "$(TEST_HOST)";
				CLANG_ENABLE_MODULES = YES;
				CODE_SIGN_STYLE = Automatic;
				CURRENT_PROJECT_VERSION = 1;
				DEVELOPMENT_TEAM = RB6R56A4H5;
				GENERATE_INFOPLIST_FILE = YES;
				LD_RUNPATH_SEARCH_PATHS = (
					"$(inherited)",
					"@executable_path/Frameworks",
					"@loader_path/Frameworks",
				);
				MARKETING_VERSION = 1.0;
				PRODUCT_BUNDLE_IDENTIFIER = "com.mshendy.Wallapop-Marvel-AppTests";
				PRODUCT_NAME = "$(TARGET_NAME)";
				SWIFT_EMIT_LOC_STRINGS = NO;
				SWIFT_OPTIMIZATION_LEVEL = "-Onone";
				SWIFT_VERSION = 5.0;
				TARGETED_DEVICE_FAMILY = "1,2";
				TEST_HOST = "$(BUILT_PRODUCTS_DIR)/Wallapop Marvel App.app/Wallapop Marvel App";
			};
			name = Debug;
		};
		64FAEBB7284C185A00C7EE74 /* Release */ = {
			isa = XCBuildConfiguration;
			baseConfigurationReference = DBCE534C781E87B7D8AEDAF8 /* Pods-Wallapop Marvel App-Wallapop Marvel AppTests.release.xcconfig */;
			buildSettings = {
				BUNDLE_LOADER = "$(TEST_HOST)";
				CLANG_ENABLE_MODULES = YES;
				CODE_SIGN_STYLE = Automatic;
				CURRENT_PROJECT_VERSION = 1;
				DEVELOPMENT_TEAM = RB6R56A4H5;
				GENERATE_INFOPLIST_FILE = YES;
				LD_RUNPATH_SEARCH_PATHS = (
					"$(inherited)",
					"@executable_path/Frameworks",
					"@loader_path/Frameworks",
				);
				MARKETING_VERSION = 1.0;
				PRODUCT_BUNDLE_IDENTIFIER = "com.mshendy.Wallapop-Marvel-AppTests";
				PRODUCT_NAME = "$(TARGET_NAME)";
				SWIFT_EMIT_LOC_STRINGS = NO;
				SWIFT_VERSION = 5.0;
				TARGETED_DEVICE_FAMILY = "1,2";
				TEST_HOST = "$(BUILT_PRODUCTS_DIR)/Wallapop Marvel App.app/Wallapop Marvel App";
			};
			name = Release;
		};
/* End XCBuildConfiguration section */

/* Begin XCConfigurationList section */
		641774A0284A4BEE00495FC9 /* Build configuration list for PBXProject "Wallapop Marvel App" */ = {
			isa = XCConfigurationList;
			buildConfigurations = (
				641774B7284A4BEF00495FC9 /* Debug */,
				641774B8284A4BEF00495FC9 /* Release */,
			);
			defaultConfigurationIsVisible = 0;
			defaultConfigurationName = Release;
		};
		641774B9284A4BEF00495FC9 /* Build configuration list for PBXNativeTarget "Wallapop Marvel App" */ = {
			isa = XCConfigurationList;
			buildConfigurations = (
				641774BA284A4BEF00495FC9 /* Debug */,
				641774BB284A4BEF00495FC9 /* Release */,
			);
			defaultConfigurationIsVisible = 0;
			defaultConfigurationName = Release;
		};
		64672F7C284D58370055D68A /* Build configuration list for PBXNativeTarget "Wallapop Marvel AppUITests" */ = {
			isa = XCConfigurationList;
			buildConfigurations = (
				64672F7D284D58370055D68A /* Debug */,
				64672F7E284D58370055D68A /* Release */,
			);
			defaultConfigurationIsVisible = 0;
			defaultConfigurationName = Release;
		};
		64FAEBB8284C185A00C7EE74 /* Build configuration list for PBXNativeTarget "Wallapop Marvel AppTests" */ = {
			isa = XCConfigurationList;
			buildConfigurations = (
				64FAEBB6284C185A00C7EE74 /* Debug */,
				64FAEBB7284C185A00C7EE74 /* Release */,
			);
			defaultConfigurationIsVisible = 0;
			defaultConfigurationName = Release;
		};
/* End XCConfigurationList section */
	};
	rootObject = 6417749D284A4BEE00495FC9 /* Project object */;
}
